
Microsoft Visual Studio Solution File, Format Version 12.00
# Visual Studio 2013
VisualStudioVersion = 12.0.21005.1
MinimumVisualStudioVersion = 10.0.40219.1
Project("{FAE04EC0-301F-11D3-BF4B-00C04F79EFBC}") = "BSK.Public", "BSK\BSK.Public.csproj", "{C154E983-1406-4C03-AF79-66D546189E0A}"
EndProject
Project("{FAE04EC0-301F-11D3-BF4B-00C04F79EFBC}") = "BSK.Lib", "BSK.Lib\BSK.Lib.csproj", "{CD8E4EDC-FC21-4689-8321-000481B5CB40}"
EndProject
Project("{FAE04EC0-301F-11D3-BF4B-00C04F79EFBC}") = "BSK.Database", "ClassLibrary1\BSK.Database.csproj", "{B4169A5B-989F-46E0-A5BC-575BE5B18136}"
EndProject
Global
	GlobalSection(SolutionConfigurationPlatforms) = preSolution
		Debug|Any CPU = Debug|Any CPU
		Release|Any CPU = Release|Any CPU
	EndGlobalSection
	GlobalSection(ProjectConfigurationPlatforms) = postSolution
		{C154E983-1406-4C03-AF79-66D546189E0A}.Debug|Any CPU.ActiveCfg = Debug|Any CPU
		{C154E983-1406-4C03-AF79-66D546189E0A}.Debug|Any CPU.Build.0 = Debug|Any CPU
		{C154E983-1406-4C03-AF79-66D546189E0A}.Release|Any CPU.ActiveCfg = Release|Any CPU
		{C154E983-1406-4C03-AF79-66D546189E0A}.Release|Any CPU.Build.0 = Release|Any CPU
		{CD8E4EDC-FC21-4689-8321-000481B5CB40}.Debug|Any CPU.ActiveCfg = Debug|Any CPU
		{CD8E4EDC-FC21-4689-8321-000481B5CB40}.Debug|Any CPU.Build.0 = Debug|Any CPU
		{CD8E4EDC-FC21-4689-8321-000481B5CB40}.Release|Any CPU.ActiveCfg = Release|Any CPU
		{CD8E4EDC-FC21-4689-8321-000481B5CB40}.Release|Any CPU.Build.0 = Release|Any CPU
		{B4169A5B-989F-46E0-A5BC-575BE5B18136}.Debug|Any CPU.ActiveCfg = Debug|Any CPU
		{B4169A5B-989F-46E0-A5BC-575BE5B18136}.Debug|Any CPU.Build.0 = Debug|Any CPU
		{B4169A5B-989F-46E0-A5BC-575BE5B18136}.Release|Any CPU.ActiveCfg = Release|Any CPU
		{B4169A5B-989F-46E0-A5BC-575BE5B18136}.Release|Any CPU.Build.0 = Release|Any CPU
	EndGlobalSection
	GlobalSection(SolutionProperties) = preSolution
		HideSolutionNode = FALSE
	EndGlobalSection
EndGlobal
